
Microsoft Visual Studio Solution File, Format Version 12.00
# Visual Studio 2013
VisualStudioVersion = 12.0.21005.1
MinimumVisualStudioVersion = 10.0.40219.1
Project("{FAE04EC0-301F-11D3-BF4B-00C04F79EFBC}") = "NimrodVS", "NimrodVS\NimrodVS.csproj", "{94F4018F-4FCE-4A9F-B9F7-F0B9169B4812}"
EndProject
Project("{FAE04EC0-301F-11D3-BF4B-00C04F79EFBC}") = "NimrodVS_IntegrationTests", "NimrodVS\NimrodVS_IntegrationTests\NimrodVS_IntegrationTests.csproj", "{83DD79FC-C0F6-4A76-8C86-1AB0B13C06FC}"
EndProject
Project("{2150E333-8FDC-42A3-9474-1A3956D46DE8}") = "Solution Items", "Solution Items", "{7E3DA752-ED6E-472B-A841-46C50C8EB41A}"
	ProjectSection(SolutionItems) = preProject
		IntegrationTests.testsettings = IntegrationTests.testsettings
		UnitTests.testsettings = UnitTests.testsettings
	EndProjectSection
EndProject
Project("{FAE04EC0-301F-11D3-BF4B-00C04F79EFBC}") = "NimrodVS_UnitTests", "NimrodVS\NimrodVS_UnitTests\NimrodVS_UnitTests.csproj", "{A47F689B-02AF-43DE-A522-43540F5FA97A}"
EndProject
Project("{FAE04EC0-301F-11D3-BF4B-00C04F79EFBC}") = "NimrodSharp", "LibNimrod\NimrodSharp.csproj", "{4A26A734-3426-4E76-8BBE-6CD63FFE8284}"
EndProject
Project("{FAE04EC0-301F-11D3-BF4B-00C04F79EFBC}") = "NimrodSharp_UintTests", "LibNimrod_UintTests\NimrodSharp_UintTests.csproj", "{1EAF2A35-4C1F-4B61-9DE3-D805216B9D55}"
EndProject
Project("{FAE04EC0-301F-11D3-BF4B-00C04F79EFBC}") = "NimrodProject", "NimrodProject\NimrodProject.csproj", "{0F74FC73-8F77-4D61-9A85-B5868313F7E9}"
EndProject
Project("{930C7802-8A8C-48F9-8165-68863BCCD9DD}") = "VisualNimrodSetup", "VisualNimrodSetup\VisualNimrodSetup.wixproj", "{6415E872-92BB-4361-8532-3E8F5B583036}"
EndProject
Global
	GlobalSection(SolutionConfigurationPlatforms) = preSolution
		Debug|Any CPU = Debug|Any CPU
		Debug|Mixed Platforms = Debug|Mixed Platforms
		Debug|x64 = Debug|x64
		Debug|x86 = Debug|x86
		Release|Any CPU = Release|Any CPU
		Release|Mixed Platforms = Release|Mixed Platforms
		Release|x64 = Release|x64
		Release|x86 = Release|x86
	EndGlobalSection
	GlobalSection(ProjectConfigurationPlatforms) = postSolution
		{94F4018F-4FCE-4A9F-B9F7-F0B9169B4812}.Debug|Any CPU.ActiveCfg = Debug|Any CPU
		{94F4018F-4FCE-4A9F-B9F7-F0B9169B4812}.Debug|Any CPU.Build.0 = Debug|Any CPU
		{94F4018F-4FCE-4A9F-B9F7-F0B9169B4812}.Debug|Mixed Platforms.ActiveCfg = Debug|Any CPU
		{94F4018F-4FCE-4A9F-B9F7-F0B9169B4812}.Debug|Mixed Platforms.Build.0 = Debug|Any CPU
		{94F4018F-4FCE-4A9F-B9F7-F0B9169B4812}.Debug|x64.ActiveCfg = Debug|x64
		{94F4018F-4FCE-4A9F-B9F7-F0B9169B4812}.Debug|x64.Build.0 = Debug|x64
		{94F4018F-4FCE-4A9F-B9F7-F0B9169B4812}.Debug|x86.ActiveCfg = Debug|Any CPU
		{94F4018F-4FCE-4A9F-B9F7-F0B9169B4812}.Release|Any CPU.ActiveCfg = Release|Any CPU
		{94F4018F-4FCE-4A9F-B9F7-F0B9169B4812}.Release|Any CPU.Build.0 = Release|Any CPU
		{94F4018F-4FCE-4A9F-B9F7-F0B9169B4812}.Release|Mixed Platforms.ActiveCfg = Release|Any CPU
		{94F4018F-4FCE-4A9F-B9F7-F0B9169B4812}.Release|Mixed Platforms.Build.0 = Release|Any CPU
		{94F4018F-4FCE-4A9F-B9F7-F0B9169B4812}.Release|x64.ActiveCfg = Release|x64
		{94F4018F-4FCE-4A9F-B9F7-F0B9169B4812}.Release|x64.Build.0 = Release|x64
		{94F4018F-4FCE-4A9F-B9F7-F0B9169B4812}.Release|x86.ActiveCfg = Release|Any CPU
		{83DD79FC-C0F6-4A76-8C86-1AB0B13C06FC}.Debug|Any CPU.ActiveCfg = Debug|Any CPU
		{83DD79FC-C0F6-4A76-8C86-1AB0B13C06FC}.Debug|Any CPU.Build.0 = Debug|Any CPU
		{83DD79FC-C0F6-4A76-8C86-1AB0B13C06FC}.Debug|Mixed Platforms.ActiveCfg = Debug|Any CPU
		{83DD79FC-C0F6-4A76-8C86-1AB0B13C06FC}.Debug|Mixed Platforms.Build.0 = Debug|Any CPU
		{83DD79FC-C0F6-4A76-8C86-1AB0B13C06FC}.Debug|x64.ActiveCfg = Debug|x64
		{83DD79FC-C0F6-4A76-8C86-1AB0B13C06FC}.Debug|x64.Build.0 = Debug|x64
		{83DD79FC-C0F6-4A76-8C86-1AB0B13C06FC}.Debug|x86.ActiveCfg = Debug|Any CPU
		{83DD79FC-C0F6-4A76-8C86-1AB0B13C06FC}.Release|Any CPU.ActiveCfg = Release|Any CPU
		{83DD79FC-C0F6-4A76-8C86-1AB0B13C06FC}.Release|Any CPU.Build.0 = Release|Any CPU
		{83DD79FC-C0F6-4A76-8C86-1AB0B13C06FC}.Release|Mixed Platforms.ActiveCfg = Release|Any CPU
		{83DD79FC-C0F6-4A76-8C86-1AB0B13C06FC}.Release|Mixed Platforms.Build.0 = Release|Any CPU
		{83DD79FC-C0F6-4A76-8C86-1AB0B13C06FC}.Release|x64.ActiveCfg = Release|x64
		{83DD79FC-C0F6-4A76-8C86-1AB0B13C06FC}.Release|x64.Build.0 = Release|x64
		{83DD79FC-C0F6-4A76-8C86-1AB0B13C06FC}.Release|x86.ActiveCfg = Release|Any CPU
		{A47F689B-02AF-43DE-A522-43540F5FA97A}.Debug|Any CPU.ActiveCfg = Debug|Any CPU
		{A47F689B-02AF-43DE-A522-43540F5FA97A}.Debug|Any CPU.Build.0 = Debug|Any CPU
		{A47F689B-02AF-43DE-A522-43540F5FA97A}.Debug|Mixed Platforms.ActiveCfg = Debug|Any CPU
		{A47F689B-02AF-43DE-A522-43540F5FA97A}.Debug|Mixed Platforms.Build.0 = Debug|Any CPU
		{A47F689B-02AF-43DE-A522-43540F5FA97A}.Debug|x64.ActiveCfg = Debug|x64
		{A47F689B-02AF-43DE-A522-43540F5FA97A}.Debug|x64.Build.0 = Debug|x64
		{A47F689B-02AF-43DE-A522-43540F5FA97A}.Debug|x86.ActiveCfg = Debug|Any CPU
		{A47F689B-02AF-43DE-A522-43540F5FA97A}.Release|Any CPU.ActiveCfg = Release|Any CPU
		{A47F689B-02AF-43DE-A522-43540F5FA97A}.Release|Any CPU.Build.0 = Release|Any CPU
		{A47F689B-02AF-43DE-A522-43540F5FA97A}.Release|Mixed Platforms.ActiveCfg = Release|Any CPU
		{A47F689B-02AF-43DE-A522-43540F5FA97A}.Release|Mixed Platforms.Build.0 = Release|Any CPU
		{A47F689B-02AF-43DE-A522-43540F5FA97A}.Release|x64.ActiveCfg = Release|x64
		{A47F689B-02AF-43DE-A522-43540F5FA97A}.Release|x64.Build.0 = Release|x64
		{A47F689B-02AF-43DE-A522-43540F5FA97A}.Release|x86.ActiveCfg = Release|Any CPU
		{4A26A734-3426-4E76-8BBE-6CD63FFE8284}.Debug|Any CPU.ActiveCfg = Debug|Any CPU
		{4A26A734-3426-4E76-8BBE-6CD63FFE8284}.Debug|Any CPU.Build.0 = Debug|Any CPU
		{4A26A734-3426-4E76-8BBE-6CD63FFE8284}.Debug|Mixed Platforms.ActiveCfg = Debug|Any CPU
		{4A26A734-3426-4E76-8BBE-6CD63FFE8284}.Debug|Mixed Platforms.Build.0 = Debug|Any CPU
		{4A26A734-3426-4E76-8BBE-6CD63FFE8284}.Debug|x64.ActiveCfg = Debug|x64
		{4A26A734-3426-4E76-8BBE-6CD63FFE8284}.Debug|x64.Build.0 = Debug|x64
		{4A26A734-3426-4E76-8BBE-6CD63FFE8284}.Debug|x86.ActiveCfg = Debug|Any CPU
		{4A26A734-3426-4E76-8BBE-6CD63FFE8284}.Release|Any CPU.ActiveCfg = Release|Any CPU
		{4A26A734-3426-4E76-8BBE-6CD63FFE8284}.Release|Any CPU.Build.0 = Release|Any CPU
		{4A26A734-3426-4E76-8BBE-6CD63FFE8284}.Release|Mixed Platforms.ActiveCfg = Release|Any CPU
		{4A26A734-3426-4E76-8BBE-6CD63FFE8284}.Release|Mixed Platforms.Build.0 = Release|Any CPU
		{4A26A734-3426-4E76-8BBE-6CD63FFE8284}.Release|x64.ActiveCfg = Release|x64
		{4A26A734-3426-4E76-8BBE-6CD63FFE8284}.Release|x64.Build.0 = Release|x64
		{4A26A734-3426-4E76-8BBE-6CD63FFE8284}.Release|x86.ActiveCfg = Release|Any CPU
		{1EAF2A35-4C1F-4B61-9DE3-D805216B9D55}.Debug|Any CPU.ActiveCfg = Debug|Any CPU
		{1EAF2A35-4C1F-4B61-9DE3-D805216B9D55}.Debug|Any CPU.Build.0 = Debug|Any CPU
		{1EAF2A35-4C1F-4B61-9DE3-D805216B9D55}.Debug|Mixed Platforms.ActiveCfg = Debug|Any CPU
		{1EAF2A35-4C1F-4B61-9DE3-D805216B9D55}.Debug|Mixed Platforms.Build.0 = Debug|Any CPU
		{1EAF2A35-4C1F-4B61-9DE3-D805216B9D55}.Debug|x64.ActiveCfg = Debug|x64
		{1EAF2A35-4C1F-4B61-9DE3-D805216B9D55}.Debug|x64.Build.0 = Debug|x64
		{1EAF2A35-4C1F-4B61-9DE3-D805216B9D55}.Debug|x86.ActiveCfg = Debug|Any CPU
		{1EAF2A35-4C1F-4B61-9DE3-D805216B9D55}.Release|Any CPU.ActiveCfg = Release|Any CPU
		{1EAF2A35-4C1F-4B61-9DE3-D805216B9D55}.Release|Any CPU.Build.0 = Release|Any CPU
		{1EAF2A35-4C1F-4B61-9DE3-D805216B9D55}.Release|Mixed Platforms.ActiveCfg = Release|Any CPU
		{1EAF2A35-4C1F-4B61-9DE3-D805216B9D55}.Release|Mixed Platforms.Build.0 = Release|Any CPU
		{1EAF2A35-4C1F-4B61-9DE3-D805216B9D55}.Release|x64.ActiveCfg = Release|x64
		{1EAF2A35-4C1F-4B61-9DE3-D805216B9D55}.Release|x64.Build.0 = Release|x64
		{1EAF2A35-4C1F-4B61-9DE3-D805216B9D55}.Release|x86.ActiveCfg = Release|Any CPU
		{0F74FC73-8F77-4D61-9A85-B5868313F7E9}.Debug|Any CPU.ActiveCfg = Debug|Any CPU
		{0F74FC73-8F77-4D61-9A85-B5868313F7E9}.Debug|Any CPU.Build.0 = Debug|Any CPU
		{0F74FC73-8F77-4D61-9A85-B5868313F7E9}.Debug|Mixed Platforms.ActiveCfg = Debug|Any CPU
		{0F74FC73-8F77-4D61-9A85-B5868313F7E9}.Debug|Mixed Platforms.Build.0 = Debug|Any CPU
		{0F74FC73-8F77-4D61-9A85-B5868313F7E9}.Debug|x64.ActiveCfg = Debug|Any CPU
		{0F74FC73-8F77-4D61-9A85-B5868313F7E9}.Debug|x86.ActiveCfg = Debug|Any CPU
		{0F74FC73-8F77-4D61-9A85-B5868313F7E9}.Release|Any CPU.ActiveCfg = Release|Any CPU
		{0F74FC73-8F77-4D61-9A85-B5868313F7E9}.Release|Any CPU.Build.0 = Release|Any CPU
		{0F74FC73-8F77-4D61-9A85-B5868313F7E9}.Release|Mixed Platforms.ActiveCfg = Release|Any CPU
		{0F74FC73-8F77-4D61-9A85-B5868313F7E9}.Release|Mixed Platforms.Build.0 = Release|Any CPU
		{0F74FC73-8F77-4D61-9A85-B5868313F7E9}.Release|x64.ActiveCfg = Release|Any CPU
		{0F74FC73-8F77-4D61-9A85-B5868313F7E9}.Release|x86.ActiveCfg = Release|Any CPU
		{6415E872-92BB-4361-8532-3E8F5B583036}.Debug|Any CPU.ActiveCfg = Debug|x86
		{6415E872-92BB-4361-8532-3E8F5B583036}.Debug|Mixed Platforms.ActiveCfg = Debug|x86
		{6415E872-92BB-4361-8532-3E8F5B583036}.Debug|Mixed Platforms.Build.0 = Debug|x86
		{6415E872-92BB-4361-8532-3E8F5B583036}.Debug|x64.ActiveCfg = Debug|x86
		{6415E872-92BB-4361-8532-3E8F5B583036}.Debug|x86.ActiveCfg = Debug|x86
		{6415E872-92BB-4361-8532-3E8F5B583036}.Debug|x86.Build.0 = Debug|x86
		{6415E872-92BB-4361-8532-3E8F5B583036}.Release|Any CPU.ActiveCfg = Release|x86
		{6415E872-92BB-4361-8532-3E8F5B583036}.Release|Mixed Platforms.ActiveCfg = Release|x86
		{6415E872-92BB-4361-8532-3E8F5B583036}.Release|Mixed Platforms.Build.0 = Release|x86
		{6415E872-92BB-4361-8532-3E8F5B583036}.Release|x64.ActiveCfg = Release|x86
		{6415E872-92BB-4361-8532-3E8F5B583036}.Release|x86.ActiveCfg = Release|x86
		{6415E872-92BB-4361-8532-3E8F5B583036}.Release|x86.Build.0 = Release|x86
	EndGlobalSection
	GlobalSection(SolutionProperties) = preSolution
		HideSolutionNode = FALSE
	EndGlobalSection
EndGlobal
